// !$*UTF8*$!
{
	archiveVersion = 1;
	classes = {
	};
	objectVersion = 51;
	objects = {

/* Begin PBXBuildFile section */
		48AD744D595037AAE37B5392 /* Pods_AdapterDigitalUITests.framework in Frameworks */ = {isa = PBXBuildFile; fileRef = CB255DB688C51CAC662B3892 /* Pods_AdapterDigitalUITests.framework */; };
		A4B7C346235C9B9900EF773F /* AppDelegate.swift in Sources */ = {isa = PBXBuildFile; fileRef = A4B7C345235C9B9900EF773F /* AppDelegate.swift */; };
		A4B7C348235C9B9900EF773F /* SceneDelegate.swift in Sources */ = {isa = PBXBuildFile; fileRef = A4B7C347235C9B9900EF773F /* SceneDelegate.swift */; };
		A4B7C34D235C9B9900EF773F /* Main.storyboard in Resources */ = {isa = PBXBuildFile; fileRef = A4B7C34B235C9B9900EF773F /* Main.storyboard */; };
		A4B7C34F235C9B9C00EF773F /* Assets.xcassets in Resources */ = {isa = PBXBuildFile; fileRef = A4B7C34E235C9B9C00EF773F /* Assets.xcassets */; };
		A4B7C352235C9B9C00EF773F /* LaunchScreen.storyboard in Resources */ = {isa = PBXBuildFile; fileRef = A4B7C350235C9B9C00EF773F /* LaunchScreen.storyboard */; };
		A4B7C35D235C9B9C00EF773F /* AdapterDigitalTests.swift in Sources */ = {isa = PBXBuildFile; fileRef = A4B7C35C235C9B9C00EF773F /* AdapterDigitalTests.swift */; };
		A4B7C368235C9B9C00EF773F /* AdapterDigitalUITests.swift in Sources */ = {isa = PBXBuildFile; fileRef = A4B7C367235C9B9C00EF773F /* AdapterDigitalUITests.swift */; };
		A4B7C37B235C9D8000EF773F /* HomeViewController.swift in Sources */ = {isa = PBXBuildFile; fileRef = A4B7C37A235C9D8000EF773F /* HomeViewController.swift */; };
		A4B7C37F235C9D9A00EF773F /* HomeViewModel.swift in Sources */ = {isa = PBXBuildFile; fileRef = A4B7C37E235C9D9A00EF773F /* HomeViewModel.swift */; };
		A4B7C381235C9DBD00EF773F /* CalendarViewController.swift in Sources */ = {isa = PBXBuildFile; fileRef = A4B7C380235C9DBD00EF773F /* CalendarViewController.swift */; };
		A4B7C383235C9DCE00EF773F /* CalendarViewModel.swift in Sources */ = {isa = PBXBuildFile; fileRef = A4B7C382235C9DCE00EF773F /* CalendarViewModel.swift */; };
		A4B7C385235C9DEE00EF773F /* DateTableViewCell.swift in Sources */ = {isa = PBXBuildFile; fileRef = A4B7C384235C9DEE00EF773F /* DateTableViewCell.swift */; };
		A4B7C387235CBF6200EF773F /* +UIView.swift in Sources */ = {isa = PBXBuildFile; fileRef = A4B7C386235CBF6200EF773F /* +UIView.swift */; };
		A4B7C38B235CC34100EF773F /* BaseViewController.swift in Sources */ = {isa = PBXBuildFile; fileRef = A4B7C38A235CC34100EF773F /* BaseViewController.swift */; };
		AAFAD6AA2C920C0CA5B09473 /* Pods_AdapterDigitalTests.framework in Frameworks */ = {isa = PBXBuildFile; fileRef = 5B661653F3ABE27C2C087E60 /* Pods_AdapterDigitalTests.framework */; };
		C803C8043B0784E1F13E5EFE /* Pods_AdapterDigital.framework in Frameworks */ = {isa = PBXBuildFile; fileRef = C5364EE6A4EEB9B497DDC5BF /* Pods_AdapterDigital.framework */; };
/* End PBXBuildFile section */

/* Begin PBXContainerItemProxy section */
		A4B7C359235C9B9C00EF773F /* PBXContainerItemProxy */ = {
			isa = PBXContainerItemProxy;
			containerPortal = A4B7C33A235C9B9900EF773F /* Project object */;
			proxyType = 1;
			remoteGlobalIDString = A4B7C341235C9B9900EF773F;
			remoteInfo = AdapterDigital;
		};
		A4B7C364235C9B9C00EF773F /* PBXContainerItemProxy */ = {
			isa = PBXContainerItemProxy;
			containerPortal = A4B7C33A235C9B9900EF773F /* Project object */;
			proxyType = 1;
			remoteGlobalIDString = A4B7C341235C9B9900EF773F;
			remoteInfo = AdapterDigital;
		};
/* End PBXContainerItemProxy section */

/* Begin PBXFileReference section */
		2D6A5B9822C158A720175511 /* Pods-AdapterDigitalUITests.debug.xcconfig */ = {isa = PBXFileReference; includeInIndex = 1; lastKnownFileType = text.xcconfig; name = "Pods-AdapterDigitalUITests.debug.xcconfig"; path = "Target Support Files/Pods-AdapterDigitalUITests/Pods-AdapterDigitalUITests.debug.xcconfig"; sourceTree = "<group>"; };
		4370286C88DD32B86D4651B4 /* Pods-AdapterDigitalTests.release.xcconfig */ = {isa = PBXFileReference; includeInIndex = 1; lastKnownFileType = text.xcconfig; name = "Pods-AdapterDigitalTests.release.xcconfig"; path = "Target Support Files/Pods-AdapterDigitalTests/Pods-AdapterDigitalTests.release.xcconfig"; sourceTree = "<group>"; };
		5B661653F3ABE27C2C087E60 /* Pods_AdapterDigitalTests.framework */ = {isa = PBXFileReference; explicitFileType = wrapper.framework; includeInIndex = 0; path = Pods_AdapterDigitalTests.framework; sourceTree = BUILT_PRODUCTS_DIR; };
		8111D1D1A429EE7D98C5CB03 /* Pods-AdapterDigital.release.xcconfig */ = {isa = PBXFileReference; includeInIndex = 1; lastKnownFileType = text.xcconfig; name = "Pods-AdapterDigital.release.xcconfig"; path = "Target Support Files/Pods-AdapterDigital/Pods-AdapterDigital.release.xcconfig"; sourceTree = "<group>"; };
		834343D92ACE066A5C60434F /* Pods-AdapterDigitalUITests.release.xcconfig */ = {isa = PBXFileReference; includeInIndex = 1; lastKnownFileType = text.xcconfig; name = "Pods-AdapterDigitalUITests.release.xcconfig"; path = "Target Support Files/Pods-AdapterDigitalUITests/Pods-AdapterDigitalUITests.release.xcconfig"; sourceTree = "<group>"; };
		A4B7C342235C9B9900EF773F /* AdapterDigital.app */ = {isa = PBXFileReference; explicitFileType = wrapper.application; includeInIndex = 0; path = AdapterDigital.app; sourceTree = BUILT_PRODUCTS_DIR; };
		A4B7C345235C9B9900EF773F /* AppDelegate.swift */ = {isa = PBXFileReference; lastKnownFileType = sourcecode.swift; path = AppDelegate.swift; sourceTree = "<group>"; };
		A4B7C347235C9B9900EF773F /* SceneDelegate.swift */ = {isa = PBXFileReference; lastKnownFileType = sourcecode.swift; path = SceneDelegate.swift; sourceTree = "<group>"; };
		A4B7C34C235C9B9900EF773F /* Base */ = {isa = PBXFileReference; lastKnownFileType = file.storyboard; name = Base; path = Base.lproj/Main.storyboard; sourceTree = "<group>"; };
		A4B7C34E235C9B9C00EF773F /* Assets.xcassets */ = {isa = PBXFileReference; lastKnownFileType = folder.assetcatalog; path = Assets.xcassets; sourceTree = "<group>"; };
		A4B7C351235C9B9C00EF773F /* Base */ = {isa = PBXFileReference; lastKnownFileType = file.storyboard; name = Base; path = Base.lproj/LaunchScreen.storyboard; sourceTree = "<group>"; };
		A4B7C353235C9B9C00EF773F /* Info.plist */ = {isa = PBXFileReference; lastKnownFileType = text.plist.xml; path = Info.plist; sourceTree = "<group>"; };
		A4B7C358235C9B9C00EF773F /* AdapterDigitalTests.xctest */ = {isa = PBXFileReference; explicitFileType = wrapper.cfbundle; includeInIndex = 0; path = AdapterDigitalTests.xctest; sourceTree = BUILT_PRODUCTS_DIR; };
		A4B7C35C235C9B9C00EF773F /* AdapterDigitalTests.swift */ = {isa = PBXFileReference; lastKnownFileType = sourcecode.swift; path = AdapterDigitalTests.swift; sourceTree = "<group>"; };
		A4B7C35E235C9B9C00EF773F /* Info.plist */ = {isa = PBXFileReference; lastKnownFileType = text.plist.xml; path = Info.plist; sourceTree = "<group>"; };
		A4B7C363235C9B9C00EF773F /* AdapterDigitalUITests.xctest */ = {isa = PBXFileReference; explicitFileType = wrapper.cfbundle; includeInIndex = 0; path = AdapterDigitalUITests.xctest; sourceTree = BUILT_PRODUCTS_DIR; };
		A4B7C367235C9B9C00EF773F /* AdapterDigitalUITests.swift */ = {isa = PBXFileReference; lastKnownFileType = sourcecode.swift; path = AdapterDigitalUITests.swift; sourceTree = "<group>"; };
		A4B7C369235C9B9C00EF773F /* Info.plist */ = {isa = PBXFileReference; lastKnownFileType = text.plist.xml; path = Info.plist; sourceTree = "<group>"; };
		A4B7C37A235C9D8000EF773F /* HomeViewController.swift */ = {isa = PBXFileReference; lastKnownFileType = sourcecode.swift; path = HomeViewController.swift; sourceTree = "<group>"; };
		A4B7C37E235C9D9A00EF773F /* HomeViewModel.swift */ = {isa = PBXFileReference; lastKnownFileType = sourcecode.swift; path = HomeViewModel.swift; sourceTree = "<group>"; };
		A4B7C380235C9DBD00EF773F /* CalendarViewController.swift */ = {isa = PBXFileReference; lastKnownFileType = sourcecode.swift; path = CalendarViewController.swift; sourceTree = "<group>"; };
		A4B7C382235C9DCE00EF773F /* CalendarViewModel.swift */ = {isa = PBXFileReference; lastKnownFileType = sourcecode.swift; path = CalendarViewModel.swift; sourceTree = "<group>"; };
		A4B7C384235C9DEE00EF773F /* DateTableViewCell.swift */ = {isa = PBXFileReference; lastKnownFileType = sourcecode.swift; path = DateTableViewCell.swift; sourceTree = "<group>"; };
		A4B7C386235CBF6200EF773F /* +UIView.swift */ = {isa = PBXFileReference; lastKnownFileType = sourcecode.swift; path = "+UIView.swift"; sourceTree = "<group>"; };
		A4B7C38A235CC34100EF773F /* BaseViewController.swift */ = {isa = PBXFileReference; lastKnownFileType = sourcecode.swift; path = BaseViewController.swift; sourceTree = "<group>"; };
		C5364EE6A4EEB9B497DDC5BF /* Pods_AdapterDigital.framework */ = {isa = PBXFileReference; explicitFileType = wrapper.framework; includeInIndex = 0; path = Pods_AdapterDigital.framework; sourceTree = BUILT_PRODUCTS_DIR; };
		CB255DB688C51CAC662B3892 /* Pods_AdapterDigitalUITests.framework */ = {isa = PBXFileReference; explicitFileType = wrapper.framework; includeInIndex = 0; path = Pods_AdapterDigitalUITests.framework; sourceTree = BUILT_PRODUCTS_DIR; };
		DBCB845A33348F88D7AAC565 /* Pods-AdapterDigital.debug.xcconfig */ = {isa = PBXFileReference; includeInIndex = 1; lastKnownFileType = text.xcconfig; name = "Pods-AdapterDigital.debug.xcconfig"; path = "Target Support Files/Pods-AdapterDigital/Pods-AdapterDigital.debug.xcconfig"; sourceTree = "<group>"; };
		F6DF282A6A9399F8890EAA3D /* Pods-AdapterDigitalTests.debug.xcconfig */ = {isa = PBXFileReference; includeInIndex = 1; lastKnownFileType = text.xcconfig; name = "Pods-AdapterDigitalTests.debug.xcconfig"; path = "Target Support Files/Pods-AdapterDigitalTests/Pods-AdapterDigitalTests.debug.xcconfig"; sourceTree = "<group>"; };
/* End PBXFileReference section */

/* Begin PBXFrameworksBuildPhase section */
		A4B7C33F235C9B9900EF773F /* Frameworks */ = {
			isa = PBXFrameworksBuildPhase;
			buildActionMask = 2147483647;
			files = (
				C803C8043B0784E1F13E5EFE /* Pods_AdapterDigital.framework in Frameworks */,
			);
			runOnlyForDeploymentPostprocessing = 0;
		};
		A4B7C355235C9B9C00EF773F /* Frameworks */ = {
			isa = PBXFrameworksBuildPhase;
			buildActionMask = 2147483647;
			files = (
				AAFAD6AA2C920C0CA5B09473 /* Pods_AdapterDigitalTests.framework in Frameworks */,
			);
			runOnlyForDeploymentPostprocessing = 0;
		};
		A4B7C360235C9B9C00EF773F /* Frameworks */ = {
			isa = PBXFrameworksBuildPhase;
			buildActionMask = 2147483647;
			files = (
				48AD744D595037AAE37B5392 /* Pods_AdapterDigitalUITests.framework in Frameworks */,
			);
			runOnlyForDeploymentPostprocessing = 0;
		};
/* End PBXFrameworksBuildPhase section */

/* Begin PBXGroup section */
		4DA6CC7F11D0682B80127A57 /* Frameworks */ = {
			isa = PBXGroup;
			children = (
				C5364EE6A4EEB9B497DDC5BF /* Pods_AdapterDigital.framework */,
				5B661653F3ABE27C2C087E60 /* Pods_AdapterDigitalTests.framework */,
				CB255DB688C51CAC662B3892 /* Pods_AdapterDigitalUITests.framework */,
			);
			name = Frameworks;
			sourceTree = "<group>";
		};
		645C95D83CD515346032C46B /* Pods */ = {
			isa = PBXGroup;
			children = (
				DBCB845A33348F88D7AAC565 /* Pods-AdapterDigital.debug.xcconfig */,
				8111D1D1A429EE7D98C5CB03 /* Pods-AdapterDigital.release.xcconfig */,
				F6DF282A6A9399F8890EAA3D /* Pods-AdapterDigitalTests.debug.xcconfig */,
				4370286C88DD32B86D4651B4 /* Pods-AdapterDigitalTests.release.xcconfig */,
				2D6A5B9822C158A720175511 /* Pods-AdapterDigitalUITests.debug.xcconfig */,
				834343D92ACE066A5C60434F /* Pods-AdapterDigitalUITests.release.xcconfig */,
			);
			path = Pods;
			sourceTree = "<group>";
		};
		A4B7C339235C9B9900EF773F = {
			isa = PBXGroup;
			children = (
				A4B7C344235C9B9900EF773F /* AdapterDigital */,
				A4B7C35B235C9B9C00EF773F /* AdapterDigitalTests */,
				A4B7C366235C9B9C00EF773F /* AdapterDigitalUITests */,
				A4B7C343235C9B9900EF773F /* Products */,
				645C95D83CD515346032C46B /* Pods */,
				4DA6CC7F11D0682B80127A57 /* Frameworks */,
			);
			sourceTree = "<group>";
		};
		A4B7C343235C9B9900EF773F /* Products */ = {
			isa = PBXGroup;
			children = (
				A4B7C342235C9B9900EF773F /* AdapterDigital.app */,
				A4B7C358235C9B9C00EF773F /* AdapterDigitalTests.xctest */,
				A4B7C363235C9B9C00EF773F /* AdapterDigitalUITests.xctest */,
			);
			name = Products;
			sourceTree = "<group>";
		};
		A4B7C344235C9B9900EF773F /* AdapterDigital */ = {
			isa = PBXGroup;
			children = (
				A4B7C345235C9B9900EF773F /* AppDelegate.swift */,
				A4B7C347235C9B9900EF773F /* SceneDelegate.swift */,
				A4B7C375235C9D2A00EF773F /* Helper */,
				A4B7C376235C9D3300EF773F /* Extension */,
				A4B7C377235C9D3900EF773F /* Controller */,
				A4B7C34E235C9B9C00EF773F /* Assets.xcassets */,
				A4B7C350235C9B9C00EF773F /* LaunchScreen.storyboard */,
				A4B7C353235C9B9C00EF773F /* Info.plist */,
			);
			path = AdapterDigital;
			sourceTree = "<group>";
		};
		A4B7C35B235C9B9C00EF773F /* AdapterDigitalTests */ = {
			isa = PBXGroup;
			children = (
				A4B7C35C235C9B9C00EF773F /* AdapterDigitalTests.swift */,
				A4B7C35E235C9B9C00EF773F /* Info.plist */,
			);
			path = AdapterDigitalTests;
			sourceTree = "<group>";
		};
		A4B7C366235C9B9C00EF773F /* AdapterDigitalUITests */ = {
			isa = PBXGroup;
			children = (
				A4B7C367235C9B9C00EF773F /* AdapterDigitalUITests.swift */,
				A4B7C369235C9B9C00EF773F /* Info.plist */,
			);
			path = AdapterDigitalUITests;
			sourceTree = "<group>";
		};
		A4B7C375235C9D2A00EF773F /* Helper */ = {
			isa = PBXGroup;
			children = (
			);
			path = Helper;
			sourceTree = "<group>";
		};
		A4B7C376235C9D3300EF773F /* Extension */ = {
			isa = PBXGroup;
			children = (
				A4B7C386235CBF6200EF773F /* +UIView.swift */,
			);
			path = Extension;
			sourceTree = "<group>";
		};
		A4B7C377235C9D3900EF773F /* Controller */ = {
			isa = PBXGroup;
			children = (
				A4B7C34B235C9B9900EF773F /* Main.storyboard */,
				A4B7C38A235CC34100EF773F /* BaseViewController.swift */,
				A4B7C378235C9D5400EF773F /* HomeVC */,
				A4B7C379235C9D5B00EF773F /* CalendarVC */,
			);
			path = Controller;
			sourceTree = "<group>";
		};
		A4B7C378235C9D5400EF773F /* HomeVC */ = {
			isa = PBXGroup;
			children = (
				A4B7C37A235C9D8000EF773F /* HomeViewController.swift */,
				A4B7C37E235C9D9A00EF773F /* HomeViewModel.swift */,
				A4B7C384235C9DEE00EF773F /* DateTableViewCell.swift */,
			);
			path = HomeVC;
			sourceTree = "<group>";
		};
		A4B7C379235C9D5B00EF773F /* CalendarVC */ = {
			isa = PBXGroup;
			children = (
				A4B7C380235C9DBD00EF773F /* CalendarViewController.swift */,
				A4B7C382235C9DCE00EF773F /* CalendarViewModel.swift */,
			);
			path = CalendarVC;
			sourceTree = "<group>";
		};
/* End PBXGroup section */

/* Begin PBXNativeTarget section */
		A4B7C341235C9B9900EF773F /* AdapterDigital */ = {
			isa = PBXNativeTarget;
			buildConfigurationList = A4B7C36C235C9B9C00EF773F /* Build configuration list for PBXNativeTarget "AdapterDigital" */;
			buildPhases = (
				CCA62E40EB196758AAE3B137 /* [CP] Check Pods Manifest.lock */,
				A4B7C33E235C9B9900EF773F /* Sources */,
				A4B7C33F235C9B9900EF773F /* Frameworks */,
				A4B7C340235C9B9900EF773F /* Resources */,
				6FD39D4CB21178FFBD599E72 /* [CP] Embed Pods Frameworks */,
			);
			buildRules = (
			);
			dependencies = (
			);
			name = AdapterDigital;
			productName = AdapterDigital;
			productReference = A4B7C342235C9B9900EF773F /* AdapterDigital.app */;
			productType = "com.apple.product-type.application";
		};
		A4B7C357235C9B9C00EF773F /* AdapterDigitalTests */ = {
			isa = PBXNativeTarget;
			buildConfigurationList = A4B7C36F235C9B9C00EF773F /* Build configuration list for PBXNativeTarget "AdapterDigitalTests" */;
			buildPhases = (
				3A687BE55CAC21E7435ECEAA /* [CP] Check Pods Manifest.lock */,
				A4B7C354235C9B9C00EF773F /* Sources */,
				A4B7C355235C9B9C00EF773F /* Frameworks */,
				A4B7C356235C9B9C00EF773F /* Resources */,
			);
			buildRules = (
			);
			dependencies = (
				A4B7C35A235C9B9C00EF773F /* PBXTargetDependency */,
			);
			name = AdapterDigitalTests;
			productName = AdapterDigitalTests;
			productReference = A4B7C358235C9B9C00EF773F /* AdapterDigitalTests.xctest */;
			productType = "com.apple.product-type.bundle.unit-test";
		};
		A4B7C362235C9B9C00EF773F /* AdapterDigitalUITests */ = {
			isa = PBXNativeTarget;
			buildConfigurationList = A4B7C372235C9B9C00EF773F /* Build configuration list for PBXNativeTarget "AdapterDigitalUITests" */;
			buildPhases = (
				CDBDEDE31DB8115DC33FACE7 /* [CP] Check Pods Manifest.lock */,
				A4B7C35F235C9B9C00EF773F /* Sources */,
				A4B7C360235C9B9C00EF773F /* Frameworks */,
				A4B7C361235C9B9C00EF773F /* Resources */,
			);
			buildRules = (
			);
			dependencies = (
				A4B7C365235C9B9C00EF773F /* PBXTargetDependency */,
			);
			name = AdapterDigitalUITests;
			productName = AdapterDigitalUITests;
			productReference = A4B7C363235C9B9C00EF773F /* AdapterDigitalUITests.xctest */;
			productType = "com.apple.product-type.bundle.ui-testing";
		};
/* End PBXNativeTarget section */

/* Begin PBXProject section */
		A4B7C33A235C9B9900EF773F /* Project object */ = {
			isa = PBXProject;
			attributes = {
				LastSwiftUpdateCheck = 1100;
				LastUpgradeCheck = 1100;
				ORGANIZATIONNAME = "Kolathee Payuhawatthana";
				TargetAttributes = {
					A4B7C341235C9B9900EF773F = {
						CreatedOnToolsVersion = 11.0;
					};
					A4B7C357235C9B9C00EF773F = {
						CreatedOnToolsVersion = 11.0;
						TestTargetID = A4B7C341235C9B9900EF773F;
					};
					A4B7C362235C9B9C00EF773F = {
						CreatedOnToolsVersion = 11.0;
						TestTargetID = A4B7C341235C9B9900EF773F;
					};
				};
			};
			buildConfigurationList = A4B7C33D235C9B9900EF773F /* Build configuration list for PBXProject "AdapterDigital" */;
			compatibilityVersion = "Xcode 9.3";
			developmentRegion = en;
			hasScannedForEncodings = 0;
			knownRegions = (
				en,
				Base,
			);
			mainGroup = A4B7C339235C9B9900EF773F;
			productRefGroup = A4B7C343235C9B9900EF773F /* Products */;
			projectDirPath = "";
			projectRoot = "";
			targets = (
				A4B7C341235C9B9900EF773F /* AdapterDigital */,
				A4B7C357235C9B9C00EF773F /* AdapterDigitalTests */,
				A4B7C362235C9B9C00EF773F /* AdapterDigitalUITests */,
			);
		};
/* End PBXProject section */

/* Begin PBXResourcesBuildPhase section */
		A4B7C340235C9B9900EF773F /* Resources */ = {
			isa = PBXResourcesBuildPhase;
			buildActionMask = 2147483647;
			files = (
				A4B7C352235C9B9C00EF773F /* LaunchScreen.storyboard in Resources */,
				A4B7C34F235C9B9C00EF773F /* Assets.xcassets in Resources */,
				A4B7C34D235C9B9900EF773F /* Main.storyboard in Resources */,
			);
			runOnlyForDeploymentPostprocessing = 0;
		};
		A4B7C356235C9B9C00EF773F /* Resources */ = {
			isa = PBXResourcesBuildPhase;
			buildActionMask = 2147483647;
			files = (
			);
			runOnlyForDeploymentPostprocessing = 0;
		};
		A4B7C361235C9B9C00EF773F /* Resources */ = {
			isa = PBXResourcesBuildPhase;
			buildActionMask = 2147483647;
			files = (
			);
			runOnlyForDeploymentPostprocessing = 0;
		};
/* End PBXResourcesBuildPhase section */

/* Begin PBXShellScriptBuildPhase section */
		3A687BE55CAC21E7435ECEAA /* [CP] Check Pods Manifest.lock */ = {
			isa = PBXShellScriptBuildPhase;
			buildActionMask = 2147483647;
			files = (
			);
			inputFileListPaths = (
			);
			inputPaths = (
				"${PODS_PODFILE_DIR_PATH}/Podfile.lock",
				"${PODS_ROOT}/Manifest.lock",
			);
			name = "[CP] Check Pods Manifest.lock";
			outputFileListPaths = (
			);
			outputPaths = (
				"$(DERIVED_FILE_DIR)/Pods-AdapterDigitalTests-checkManifestLockResult.txt",
			);
			runOnlyForDeploymentPostprocessing = 0;
			shellPath = /bin/sh;
			shellScript = "diff \"${PODS_PODFILE_DIR_PATH}/Podfile.lock\" \"${PODS_ROOT}/Manifest.lock\" > /dev/null\nif [ $? != 0 ] ; then\n    # print error to STDERR\n    echo \"error: The sandbox is not in sync with the Podfile.lock. Run 'pod install' or update your CocoaPods installation.\" >&2\n    exit 1\nfi\n# This output is used by Xcode 'outputs' to avoid re-running this script phase.\necho \"SUCCESS\" > \"${SCRIPT_OUTPUT_FILE_0}\"\n";
			showEnvVarsInLog = 0;
		};
		6FD39D4CB21178FFBD599E72 /* [CP] Embed Pods Frameworks */ = {
			isa = PBXShellScriptBuildPhase;
			buildActionMask = 2147483647;
			files = (
			);
			inputFileListPaths = (
				"${PODS_ROOT}/Target Support Files/Pods-AdapterDigital/Pods-AdapterDigital-frameworks-${CONFIGURATION}-input-files.xcfilelist",
			);
			name = "[CP] Embed Pods Frameworks";
			outputFileListPaths = (
				"${PODS_ROOT}/Target Support Files/Pods-AdapterDigital/Pods-AdapterDigital-frameworks-${CONFIGURATION}-output-files.xcfilelist",
			);
			runOnlyForDeploymentPostprocessing = 0;
			shellPath = /bin/sh;
			shellScript = "\"${PODS_ROOT}/Target Support Files/Pods-AdapterDigital/Pods-AdapterDigital-frameworks.sh\"\n";
			showEnvVarsInLog = 0;
		};
		CCA62E40EB196758AAE3B137 /* [CP] Check Pods Manifest.lock */ = {
			isa = PBXShellScriptBuildPhase;
			buildActionMask = 2147483647;
			files = (
			);
			inputFileListPaths = (
			);
			inputPaths = (
				"${PODS_PODFILE_DIR_PATH}/Podfile.lock",
				"${PODS_ROOT}/Manifest.lock",
			);
			name = "[CP] Check Pods Manifest.lock";
			outputFileListPaths = (
			);
			outputPaths = (
				"$(DERIVED_FILE_DIR)/Pods-AdapterDigital-checkManifestLockResult.txt",
			);
			runOnlyForDeploymentPostprocessing = 0;
			shellPath = /bin/sh;
			shellScript = "diff \"${PODS_PODFILE_DIR_PATH}/Podfile.lock\" \"${PODS_ROOT}/Manifest.lock\" > /dev/null\nif [ $? != 0 ] ; then\n    # print error to STDERR\n    echo \"error: The sandbox is not in sync with the Podfile.lock. Run 'pod install' or update your CocoaPods installation.\" >&2\n    exit 1\nfi\n# This output is used by Xcode 'outputs' to avoid re-running this script phase.\necho \"SUCCESS\" > \"${SCRIPT_OUTPUT_FILE_0}\"\n";
			showEnvVarsInLog = 0;
		};
		CDBDEDE31DB8115DC33FACE7 /* [CP] Check Pods Manifest.lock */ = {
			isa = PBXShellScriptBuildPhase;
			buildActionMask = 2147483647;
			files = (
			);
			inputFileListPaths = (
			);
			inputPaths = (
				"${PODS_PODFILE_DIR_PATH}/Podfile.lock",
				"${PODS_ROOT}/Manifest.lock",
			);
			name = "[CP] Check Pods Manifest.lock";
			outputFileListPaths = (
			);
			outputPaths = (
				"$(DERIVED_FILE_DIR)/Pods-AdapterDigitalUITests-checkManifestLockResult.txt",
			);
			runOnlyForDeploymentPostprocessing = 0;
			shellPath = /bin/sh;
			shellScript = "diff \"${PODS_PODFILE_DIR_PATH}/Podfile.lock\" \"${PODS_ROOT}/Manifest.lock\" > /dev/null\nif [ $? != 0 ] ; then\n    # print error to STDERR\n    echo \"error: The sandbox is not in sync with the Podfile.lock. Run 'pod install' or update your CocoaPods installation.\" >&2\n    exit 1\nfi\n# This output is used by Xcode 'outputs' to avoid re-running this script phase.\necho \"SUCCESS\" > \"${SCRIPT_OUTPUT_FILE_0}\"\n";
			showEnvVarsInLog = 0;
		};
/* End PBXShellScriptBuildPhase section */

/* Begin PBXSourcesBuildPhase section */
		A4B7C33E235C9B9900EF773F /* Sources */ = {
			isa = PBXSourcesBuildPhase;
			buildActionMask = 2147483647;
			files = (
				A4B7C385235C9DEE00EF773F /* DateTableViewCell.swift in Sources */,
				A4B7C383235C9DCE00EF773F /* CalendarViewModel.swift in Sources */,
				A4B7C381235C9DBD00EF773F /* CalendarViewController.swift in Sources */,
				A4B7C346235C9B9900EF773F /* AppDelegate.swift in Sources */,
				A4B7C387235CBF6200EF773F /* +UIView.swift in Sources */,
				A4B7C38B235CC34100EF773F /* BaseViewController.swift in Sources */,
				A4B7C348235C9B9900EF773F /* SceneDelegate.swift in Sources */,
				A4B7C37B235C9D8000EF773F /* HomeViewController.swift in Sources */,
				A4B7C37F235C9D9A00EF773F /* HomeViewModel.swift in Sources */,
			);
			runOnlyForDeploymentPostprocessing = 0;
		};
		A4B7C354235C9B9C00EF773F /* Sources */ = {
			isa = PBXSourcesBuildPhase;
			buildActionMask = 2147483647;
			files = (
				A4B7C35D235C9B9C00EF773F /* AdapterDigitalTests.swift in Sources */,
			);
			runOnlyForDeploymentPostprocessing = 0;
		};
		A4B7C35F235C9B9C00EF773F /* Sources */ = {
			isa = PBXSourcesBuildPhase;
			buildActionMask = 2147483647;
			files = (
				A4B7C368235C9B9C00EF773F /* AdapterDigitalUITests.swift in Sources */,
			);
			runOnlyForDeploymentPostprocessing = 0;
		};
/* End PBXSourcesBuildPhase section */

/* Begin PBXTargetDependency section */
		A4B7C35A235C9B9C00EF773F /* PBXTargetDependency */ = {
			isa = PBXTargetDependency;
			target = A4B7C341235C9B9900EF773F /* AdapterDigital */;
			targetProxy = A4B7C359235C9B9C00EF773F /* PBXContainerItemProxy */;
		};
		A4B7C365235C9B9C00EF773F /* PBXTargetDependency */ = {
			isa = PBXTargetDependency;
			target = A4B7C341235C9B9900EF773F /* AdapterDigital */;
			targetProxy = A4B7C364235C9B9C00EF773F /* PBXContainerItemProxy */;
		};
/* End PBXTargetDependency section */

/* Begin PBXVariantGroup section */
		A4B7C34B235C9B9900EF773F /* Main.storyboard */ = {
			isa = PBXVariantGroup;
			children = (
				A4B7C34C235C9B9900EF773F /* Base */,
			);
			name = Main.storyboard;
			sourceTree = "<group>";
		};
		A4B7C350235C9B9C00EF773F /* LaunchScreen.storyboard */ = {
			isa = PBXVariantGroup;
			children = (
				A4B7C351235C9B9C00EF773F /* Base */,
			);
			name = LaunchScreen.storyboard;
			sourceTree = "<group>";
		};
/* End PBXVariantGroup section */

/* Begin XCBuildConfiguration section */
		A4B7C36A235C9B9C00EF773F /* Debug */ = {
			isa = XCBuildConfiguration;
			buildSettings = {
				ALWAYS_SEARCH_USER_PATHS = NO;
				CLANG_ANALYZER_NONNULL = YES;
				CLANG_ANALYZER_NUMBER_OBJECT_CONVERSION = YES_AGGRESSIVE;
				CLANG_CXX_LANGUAGE_STANDARD = "gnu++14";
				CLANG_CXX_LIBRARY = "libc++";
				CLANG_ENABLE_MODULES = YES;
				CLANG_ENABLE_OBJC_ARC = YES;
				CLANG_ENABLE_OBJC_WEAK = YES;
				CLANG_WARN_BLOCK_CAPTURE_AUTORELEASING = YES;
				CLANG_WARN_BOOL_CONVERSION = YES;
				CLANG_WARN_COMMA = YES;
				CLANG_WARN_CONSTANT_CONVERSION = YES;
				CLANG_WARN_DEPRECATED_OBJC_IMPLEMENTATIONS = YES;
				CLANG_WARN_DIRECT_OBJC_ISA_USAGE = YES_ERROR;
				CLANG_WARN_DOCUMENTATION_COMMENTS = YES;
				CLANG_WARN_EMPTY_BODY = YES;
				CLANG_WARN_ENUM_CONVERSION = YES;
				CLANG_WARN_INFINITE_RECURSION = YES;
				CLANG_WARN_INT_CONVERSION = YES;
				CLANG_WARN_NON_LITERAL_NULL_CONVERSION = YES;
				CLANG_WARN_OBJC_IMPLICIT_RETAIN_SELF = YES;
				CLANG_WARN_OBJC_LITERAL_CONVERSION = YES;
				CLANG_WARN_OBJC_ROOT_CLASS = YES_ERROR;
				CLANG_WARN_RANGE_LOOP_ANALYSIS = YES;
				CLANG_WARN_STRICT_PROTOTYPES = YES;
				CLANG_WARN_SUSPICIOUS_MOVE = YES;
				CLANG_WARN_UNGUARDED_AVAILABILITY = YES_AGGRESSIVE;
				CLANG_WARN_UNREACHABLE_CODE = YES;
				CLANG_WARN__DUPLICATE_METHOD_MATCH = YES;
				COPY_PHASE_STRIP = NO;
				DEBUG_INFORMATION_FORMAT = dwarf;
				ENABLE_STRICT_OBJC_MSGSEND = YES;
				ENABLE_TESTABILITY = YES;
				GCC_C_LANGUAGE_STANDARD = gnu11;
				GCC_DYNAMIC_NO_PIC = NO;
				GCC_NO_COMMON_BLOCKS = YES;
				GCC_OPTIMIZATION_LEVEL = 0;
				GCC_PREPROCESSOR_DEFINITIONS = (
					"DEBUG=1",
					"$(inherited)",
				);
				GCC_WARN_64_TO_32_BIT_CONVERSION = YES;
				GCC_WARN_ABOUT_RETURN_TYPE = YES_ERROR;
				GCC_WARN_UNDECLARED_SELECTOR = YES;
				GCC_WARN_UNINITIALIZED_AUTOS = YES_AGGRESSIVE;
				GCC_WARN_UNUSED_FUNCTION = YES;
				GCC_WARN_UNUSED_VARIABLE = YES;
				IPHONEOS_DEPLOYMENT_TARGET = 13.0;
				MTL_ENABLE_DEBUG_INFO = INCLUDE_SOURCE;
				MTL_FAST_MATH = YES;
				ONLY_ACTIVE_ARCH = YES;
				SDKROOT = iphoneos;
				SWIFT_ACTIVE_COMPILATION_CONDITIONS = DEBUG;
				SWIFT_OPTIMIZATION_LEVEL = "-Onone";
			};
			name = Debug;
		};
		A4B7C36B235C9B9C00EF773F /* Release */ = {
			isa = XCBuildConfiguration;
			buildSettings = {
				ALWAYS_SEARCH_USER_PATHS = NO;
				CLANG_ANALYZER_NONNULL = YES;
				CLANG_ANALYZER_NUMBER_OBJECT_CONVERSION = YES_AGGRESSIVE;
				CLANG_CXX_LANGUAGE_STANDARD = "gnu++14";
				CLANG_CXX_LIBRARY = "libc++";
				CLANG_ENABLE_MODULES = YES;
				CLANG_ENABLE_OBJC_ARC = YES;
				CLANG_ENABLE_OBJC_WEAK = YES;
				CLANG_WARN_BLOCK_CAPTURE_AUTORELEASING = YES;
				CLANG_WARN_BOOL_CONVERSION = YES;
				CLANG_WARN_COMMA = YES;
				CLANG_WARN_CONSTANT_CONVERSION = YES;
				CLANG_WARN_DEPRECATED_OBJC_IMPLEMENTATIONS = YES;
				CLANG_WARN_DIRECT_OBJC_ISA_USAGE = YES_ERROR;
				CLANG_WARN_DOCUMENTATION_COMMENTS = YES;
				CLANG_WARN_EMPTY_BODY = YES;
				CLANG_WARN_ENUM_CONVERSION = YES;
				CLANG_WARN_INFINITE_RECURSION = YES;
				CLANG_WARN_INT_CONVERSION = YES;
				CLANG_WARN_NON_LITERAL_NULL_CONVERSION = YES;
				CLANG_WARN_OBJC_IMPLICIT_RETAIN_SELF = YES;
				CLANG_WARN_OBJC_LITERAL_CONVERSION = YES;
				CLANG_WARN_OBJC_ROOT_CLASS = YES_ERROR;
				CLANG_WARN_RANGE_LOOP_ANALYSIS = YES;
				CLANG_WARN_STRICT_PROTOTYPES = YES;
				CLANG_WARN_SUSPICIOUS_MOVE = YES;
				CLANG_WARN_UNGUARDED_AVAILABILITY = YES_AGGRESSIVE;
				CLANG_WARN_UNREACHABLE_CODE = YES;
				CLANG_WARN__DUPLICATE_METHOD_MATCH = YES;
				COPY_PHASE_STRIP = NO;
				DEBUG_INFORMATION_FORMAT = "dwarf-with-dsym";
				ENABLE_NS_ASSERTIONS = NO;
				ENABLE_STRICT_OBJC_MSGSEND = YES;
				GCC_C_LANGUAGE_STANDARD = gnu11;
				GCC_NO_COMMON_BLOCKS = YES;
				GCC_WARN_64_TO_32_BIT_CONVERSION = YES;
				GCC_WARN_ABOUT_RETURN_TYPE = YES_ERROR;
				GCC_WARN_UNDECLARED_SELECTOR = YES;
				GCC_WARN_UNINITIALIZED_AUTOS = YES_AGGRESSIVE;
				GCC_WARN_UNUSED_FUNCTION = YES;
				GCC_WARN_UNUSED_VARIABLE = YES;
				IPHONEOS_DEPLOYMENT_TARGET = 13.0;
				MTL_ENABLE_DEBUG_INFO = NO;
				MTL_FAST_MATH = YES;
				SDKROOT = iphoneos;
				SWIFT_COMPILATION_MODE = wholemodule;
				SWIFT_OPTIMIZATION_LEVEL = "-O";
				VALIDATE_PRODUCT = YES;
			};
			name = Release;
		};
		A4B7C36D235C9B9C00EF773F /* Debug */ = {
			isa = XCBuildConfiguration;
			baseConfigurationReference = DBCB845A33348F88D7AAC565 /* Pods-AdapterDigital.debug.xcconfig */;
			buildSettings = {
				ASSETCATALOG_COMPILER_APPICON_NAME = AppIcon;
				CODE_SIGN_STYLE = Automatic;
				DEVELOPMENT_TEAM = DZ3FYPCUHX;
				INFOPLIST_FILE = AdapterDigital/Info.plist;
				LD_RUNPATH_SEARCH_PATHS = (
					"$(inherited)",
					"@executable_path/Frameworks",
				);
				PRODUCT_BUNDLE_IDENTIFIER = Cup.AdapterDigital;
				PRODUCT_NAME = "$(TARGET_NAME)";
				SWIFT_VERSION = 5.0;
				TARGETED_DEVICE_FAMILY = "1,2";
			};
			name = Debug;
		};
		A4B7C36E235C9B9C00EF773F /* Release */ = {
			isa = XCBuildConfiguration;
			baseConfigurationReference = 8111D1D1A429EE7D98C5CB03 /* Pods-AdapterDigital.release.xcconfig */;
			buildSettings = {
				ASSETCATALOG_COMPILER_APPICON_NAME = AppIcon;
				CODE_SIGN_STYLE = Automatic;
				DEVELOPMENT_TEAM = DZ3FYPCUHX;
				INFOPLIST_FILE = AdapterDigital/Info.plist;
				LD_RUNPATH_SEARCH_PATHS = (
					"$(inherited)",
					"@executable_path/Frameworks",
				);
				PRODUCT_BUNDLE_IDENTIFIER = Cup.AdapterDigital;
				PRODUCT_NAME = "$(TARGET_NAME)";
				SWIFT_VERSION = 5.0;
				TARGETED_DEVICE_FAMILY = "1,2";
			};
			name = Release;
		};
		A4B7C370235C9B9C00EF773F /* Debug */ = {
			isa = XCBuildConfiguration;
			baseConfigurationReference = F6DF282A6A9399F8890EAA3D /* Pods-AdapterDigitalTests.debug.xcconfig */;
			buildSettings = {
				ALWAYS_EMBED_SWIFT_STANDARD_LIBRARIES = YES;
				BUNDLE_LOADER = "$(TEST_HOST)";
				CODE_SIGN_STYLE = Automatic;
				DEVELOPMENT_TEAM = DZ3FYPCUHX;
				INFOPLIST_FILE = AdapterDigitalTests/Info.plist;
				IPHONEOS_DEPLOYMENT_TARGET = 13.0;
				LD_RUNPATH_SEARCH_PATHS = (
					"$(inherited)",
					"@executable_path/Frameworks",
					"@loader_path/Frameworks",
				);
				PRODUCT_BUNDLE_IDENTIFIER = Cup.AdapterDigitalTests;
				PRODUCT_NAME = "$(TARGET_NAME)";
				SWIFT_VERSION = 5.0;
				TARGETED_DEVICE_FAMILY = "1,2";
				TEST_HOST = "$(BUILT_PRODUCTS_DIR)/AdapterDigital.app/AdapterDigital";
			};
			name = Debug;
		};
		A4B7C371235C9B9C00EF773F /* Release */ = {
			isa = XCBuildConfiguration;
			baseConfigurationReference = 4370286C88DD32B86D4651B4 /* Pods-AdapterDigitalTests.release.xcconfig */;
			buildSettings = {
				ALWAYS_EMBED_SWIFT_STANDARD_LIBRARIES = YES;
				BUNDLE_LOADER = "$(TEST_HOST)";
				CODE_SIGN_STYLE = Automatic;
				DEVELOPMENT_TEAM = DZ3FYPCUHX;
				INFOPLIST_FILE = AdapterDigitalTests/Info.plist;
				IPHONEOS_DEPLOYMENT_TARGET = 13.0;
				LD_RUNPATH_SEARCH_PATHS = (
					"$(inherited)",
					"@executable_path/Frameworks",
					"@loader_path/Frameworks",
				);
				PRODUCT_BUNDLE_IDENTIFIER = Cup.AdapterDigitalTests;
				PRODUCT_NAME = "$(TARGET_NAME)";
				SWIFT_VERSION = 5.0;
				TARGETED_DEVICE_FAMILY = "1,2";
				TEST_HOST = "$(BUILT_PRODUCTS_DIR)/AdapterDigital.app/AdapterDigital";
			};
			name = Release;
		};
		A4B7C373235C9B9C00EF773F /* Debug */ = {
			isa = XCBuildConfiguration;
			baseConfigurationReference = 2D6A5B9822C158A720175511 /* Pods-AdapterDigitalUITests.debug.xcconfig */;
			buildSettings = {
				ALWAYS_EMBED_SWIFT_STANDARD_LIBRARIES = YES;
				CODE_SIGN_STYLE = Automatic;
				DEVELOPMENT_TEAM = DZ3FYPCUHX;
				INFOPLIST_FILE = AdapterDigitalUITests/Info.plist;
				LD_RUNPATH_SEARCH_PATHS = (
					"$(inherited)",
					"@executable_path/Frameworks",
					"@loader_path/Frameworks",
				);
				PRODUCT_BUNDLE_IDENTIFIER = Cup.AdapterDigitalUITests;
				PRODUCT_NAME = "$(TARGET_NAME)";
				SWIFT_VERSION = 5.0;
				TARGETED_DEVICE_FAMILY = "1,2";
				TEST_TARGET_NAME = AdapterDigital;
			};
			name = Debug;
		};
		A4B7C374235C9B9C00EF773F /* Release */ = {
			isa = XCBuildConfiguration;
			baseConfigurationReference = 834343D92ACE066A5C60434F /* Pods-AdapterDigitalUITests.release.xcconfig */;
			buildSettings = {
				ALWAYS_EMBED_SWIFT_STANDARD_LIBRARIES = YES;
				CODE_SIGN_STYLE = Automatic;
				DEVELOPMENT_TEAM = DZ3FYPCUHX;
				INFOPLIST_FILE = AdapterDigitalUITests/Info.plist;
				LD_RUNPATH_SEARCH_PATHS = (
					"$(inherited)",
					"@executable_path/Frameworks",
					"@loader_path/Frameworks",
				);
				PRODUCT_BUNDLE_IDENTIFIER = Cup.AdapterDigitalUITests;
				PRODUCT_NAME = "$(TARGET_NAME)";
				SWIFT_VERSION = 5.0;
				TARGETED_DEVICE_FAMILY = "1,2";
				TEST_TARGET_NAME = AdapterDigital;
			};
			name = Release;
		};
/* End XCBuildConfiguration section */

/* Begin XCConfigurationList section */
		A4B7C33D235C9B9900EF773F /* Build configuration list for PBXProject "AdapterDigital" */ = {
			isa = XCConfigurationList;
			buildConfigurations = (
				A4B7C36A235C9B9C00EF773F /* Debug */,
				A4B7C36B235C9B9C00EF773F /* Release */,
			);
			defaultConfigurationIsVisible = 0;
			defaultConfigurationName = Release;
		};
		A4B7C36C235C9B9C00EF773F /* Build configuration list for PBXNativeTarget "AdapterDigital" */ = {
			isa = XCConfigurationList;
			buildConfigurations = (
				A4B7C36D235C9B9C00EF773F /* Debug */,
				A4B7C36E235C9B9C00EF773F /* Release */,
			);
			defaultConfigurationIsVisible = 0;
			defaultConfigurationName = Release;
		};
		A4B7C36F235C9B9C00EF773F /* Build configuration list for PBXNativeTarget "AdapterDigitalTests" */ = {
			isa = XCConfigurationList;
			buildConfigurations = (
				A4B7C370235C9B9C00EF773F /* Debug */,
				A4B7C371235C9B9C00EF773F /* Release */,
			);
			defaultConfigurationIsVisible = 0;
			defaultConfigurationName = Release;
		};
		A4B7C372235C9B9C00EF773F /* Build configuration list for PBXNativeTarget "AdapterDigitalUITests" */ = {
			isa = XCConfigurationList;
			buildConfigurations = (
				A4B7C373235C9B9C00EF773F /* Debug */,
				A4B7C374235C9B9C00EF773F /* Release */,
			);
			defaultConfigurationIsVisible = 0;
			defaultConfigurationName = Release;
		};
/* End XCConfigurationList section */
	};
	rootObject = A4B7C33A235C9B9900EF773F /* Project object */;
}
